
Microsoft Visual Studio Solution File, Format Version 12.00
# Visual Studio 15
VisualStudioVersion = 15.0.28307.421
MinimumVisualStudioVersion = 10.0.40219.1
Project("{FAE04EC0-301F-11D3-BF4B-00C04F79EFBC}") = "HizKoridoru.Android", "HizKoridoru\HizKoridoru.Android\HizKoridoru.Android.csproj", "{269CDCA0-CA8A-4582-8636-FD929B41BB56}"
EndProject
Project("{FAE04EC0-301F-11D3-BF4B-00C04F79EFBC}") = "HizKoridoru.iOS", "HizKoridoru\HizKoridoru.iOS\HizKoridoru.iOS.csproj", "{23585FB0-A55E-4A37-AACC-0DC353BB70D1}"
EndProject
Project("{FAE04EC0-301F-11D3-BF4B-00C04F79EFBC}") = "HizKoridoru", "HizKoridoru\HizKoridoru\HizKoridoru.csproj", "{0C0D8DA1-28A0-432B-8A0F-30CDCD772869}"
EndProject
Global
	GlobalSection(SolutionConfigurationPlatforms) = preSolution
		Ad-Hoc|Any CPU = Ad-Hoc|Any CPU
		Ad-Hoc|iPhone = Ad-Hoc|iPhone
		Ad-Hoc|iPhoneSimulator = Ad-Hoc|iPhoneSimulator
		AppStore|Any CPU = AppStore|Any CPU
		AppStore|iPhone = AppStore|iPhone
		AppStore|iPhoneSimulator = AppStore|iPhoneSimulator
		Debug|Any CPU = Debug|Any CPU
		Debug|iPhone = Debug|iPhone
		Debug|iPhoneSimulator = Debug|iPhoneSimulator
		Release|Any CPU = Release|Any CPU
		Release|iPhone = Release|iPhone
		Release|iPhoneSimulator = Release|iPhoneSimulator
	EndGlobalSection
	GlobalSection(ProjectConfigurationPlatforms) = postSolution
		{269CDCA0-CA8A-4582-8636-FD929B41BB56}.Ad-Hoc|Any CPU.ActiveCfg = Release|Any CPU
		{269CDCA0-CA8A-4582-8636-FD929B41BB56}.Ad-Hoc|Any CPU.Build.0 = Release|Any CPU
		{269CDCA0-CA8A-4582-8636-FD929B41BB56}.Ad-Hoc|Any CPU.Deploy.0 = Release|Any CPU
		{269CDCA0-CA8A-4582-8636-FD929B41BB56}.Ad-Hoc|iPhone.ActiveCfg = Release|Any CPU
		{269CDCA0-CA8A-4582-8636-FD929B41BB56}.Ad-Hoc|iPhone.Build.0 = Release|Any CPU
		{269CDCA0-CA8A-4582-8636-FD929B41BB56}.Ad-Hoc|iPhone.Deploy.0 = Release|Any CPU
		{269CDCA0-CA8A-4582-8636-FD929B41BB56}.Ad-Hoc|iPhoneSimulator.ActiveCfg = Release|Any CPU
		{269CDCA0-CA8A-4582-8636-FD929B41BB56}.Ad-Hoc|iPhoneSimulator.Build.0 = Release|Any CPU
		{269CDCA0-CA8A-4582-8636-FD929B41BB56}.Ad-Hoc|iPhoneSimulator.Deploy.0 = Release|Any CPU
		{269CDCA0-CA8A-4582-8636-FD929B41BB56}.AppStore|Any CPU.ActiveCfg = Release|Any CPU
		{269CDCA0-CA8A-4582-8636-FD929B41BB56}.AppStore|Any CPU.Build.0 = Release|Any CPU
		{269CDCA0-CA8A-4582-8636-FD929B41BB56}.AppStore|Any CPU.Deploy.0 = Release|Any CPU
		{269CDCA0-CA8A-4582-8636-FD929B41BB56}.AppStore|iPhone.ActiveCfg = Release|Any CPU
		{269CDCA0-CA8A-4582-8636-FD929B41BB56}.AppStore|iPhone.Build.0 = Release|Any CPU
		{269CDCA0-CA8A-4582-8636-FD929B41BB56}.AppStore|iPhone.Deploy.0 = Release|Any CPU
		{269CDCA0-CA8A-4582-8636-FD929B41BB56}.AppStore|iPhoneSimulator.ActiveCfg = Release|Any CPU
		{269CDCA0-CA8A-4582-8636-FD929B41BB56}.AppStore|iPhoneSimulator.Build.0 = Release|Any CPU
		{269CDCA0-CA8A-4582-8636-FD929B41BB56}.AppStore|iPhoneSimulator.Deploy.0 = Release|Any CPU
		{269CDCA0-CA8A-4582-8636-FD929B41BB56}.Debug|Any CPU.ActiveCfg = Debug|Any CPU
		{269CDCA0-CA8A-4582-8636-FD929B41BB56}.Debug|Any CPU.Build.0 = Debug|Any CPU
		{269CDCA0-CA8A-4582-8636-FD929B41BB56}.Debug|Any CPU.Deploy.0 = Debug|Any CPU
		{269CDCA0-CA8A-4582-8636-FD929B41BB56}.Debug|iPhone.ActiveCfg = Debug|Any CPU
		{269CDCA0-CA8A-4582-8636-FD929B41BB56}.Debug|iPhone.Build.0 = Debug|Any CPU
		{269CDCA0-CA8A-4582-8636-FD929B41BB56}.Debug|iPhone.Deploy.0 = Debug|Any CPU
		{269CDCA0-CA8A-4582-8636-FD929B41BB56}.Debug|iPhoneSimulator.ActiveCfg = Debug|Any CPU
		{269CDCA0-CA8A-4582-8636-FD929B41BB56}.Debug|iPhoneSimulator.Build.0 = Debug|Any CPU
		{269CDCA0-CA8A-4582-8636-FD929B41BB56}.Debug|iPhoneSimulator.Deploy.0 = Debug|Any CPU
		{269CDCA0-CA8A-4582-8636-FD929B41BB56}.Release|Any CPU.ActiveCfg = Release|Any CPU
		{269CDCA0-CA8A-4582-8636-FD929B41BB56}.Release|Any CPU.Build.0 = Release|Any CPU
		{269CDCA0-CA8A-4582-8636-FD929B41BB56}.Release|Any CPU.Deploy.0 = Release|Any CPU
		{269CDCA0-CA8A-4582-8636-FD929B41BB56}.Release|iPhone.ActiveCfg = Release|Any CPU
		{269CDCA0-CA8A-4582-8636-FD929B41BB56}.Release|iPhone.Build.0 = Release|Any CPU
		{269CDCA0-CA8A-4582-8636-FD929B41BB56}.Release|iPhone.Deploy.0 = Release|Any CPU
		{269CDCA0-CA8A-4582-8636-FD929B41BB56}.Release|iPhoneSimulator.ActiveCfg = Release|Any CPU
		{269CDCA0-CA8A-4582-8636-FD929B41BB56}.Release|iPhoneSimulator.Build.0 = Release|Any CPU
		{269CDCA0-CA8A-4582-8636-FD929B41BB56}.Release|iPhoneSimulator.Deploy.0 = Release|Any CPU
		{23585FB0-A55E-4A37-AACC-0DC353BB70D1}.Ad-Hoc|Any CPU.ActiveCfg = Ad-Hoc|iPhone
		{23585FB0-A55E-4A37-AACC-0DC353BB70D1}.Ad-Hoc|Any CPU.Build.0 = Ad-Hoc|iPhone
		{23585FB0-A55E-4A37-AACC-0DC353BB70D1}.Ad-Hoc|Any CPU.Deploy.0 = Ad-Hoc|iPhone
		{23585FB0-A55E-4A37-AACC-0DC353BB70D1}.Ad-Hoc|iPhone.ActiveCfg = Ad-Hoc|iPhone
		{23585FB0-A55E-4A37-AACC-0DC353BB70D1}.Ad-Hoc|iPhone.Build.0 = Ad-Hoc|iPhone
		{23585FB0-A55E-4A37-AACC-0DC353BB70D1}.Ad-Hoc|iPhone.Deploy.0 = Ad-Hoc|iPhone
		{23585FB0-A55E-4A37-AACC-0DC353BB70D1}.Ad-Hoc|iPhoneSimulator.ActiveCfg = Ad-Hoc|iPhoneSimulator
		{23585FB0-A55E-4A37-AACC-0DC353BB70D1}.Ad-Hoc|iPhoneSimulator.Build.0 = Ad-Hoc|iPhoneSimulator
		{23585FB0-A55E-4A37-AACC-0DC353BB70D1}.Ad-Hoc|iPhoneSimulator.Deploy.0 = Ad-Hoc|iPhoneSimulator
		{23585FB0-A55E-4A37-AACC-0DC353BB70D1}.AppStore|Any CPU.ActiveCfg = AppStore|iPhone
		{23585FB0-A55E-4A37-AACC-0DC353BB70D1}.AppStore|Any CPU.Build.0 = AppStore|iPhone
		{23585FB0-A55E-4A37-AACC-0DC353BB70D1}.AppStore|Any CPU.Deploy.0 = AppStore|iPhone
		{23585FB0-A55E-4A37-AACC-0DC353BB70D1}.AppStore|iPhone.ActiveCfg = AppStore|iPhone
		{23585FB0-A55E-4A37-AACC-0DC353BB70D1}.AppStore|iPhone.Build.0 = AppStore|iPhone
		{23585FB0-A55E-4A37-AACC-0DC353BB70D1}.AppStore|iPhone.Deploy.0 = AppStore|iPhone
		{23585FB0-A55E-4A37-AACC-0DC353BB70D1}.AppStore|iPhoneSimulator.ActiveCfg = AppStore|iPhoneSimulator
		{23585FB0-A55E-4A37-AACC-0DC353BB70D1}.AppStore|iPhoneSimulator.Build.0 = AppStore|iPhoneSimulator
		{23585FB0-A55E-4A37-AACC-0DC353BB70D1}.AppStore|iPhoneSimulator.Deploy.0 = AppStore|iPhoneSimulator
		{23585FB0-A55E-4A37-AACC-0DC353BB70D1}.Debug|Any CPU.ActiveCfg = Debug|iPhoneSimulator
		{23585FB0-A55E-4A37-AACC-0DC353BB70D1}.Debug|Any CPU.Build.0 = Debug|iPhoneSimulator
		{23585FB0-A55E-4A37-AACC-0DC353BB70D1}.Debug|Any CPU.Deploy.0 = Debug|iPhoneSimulator
		{23585FB0-A55E-4A37-AACC-0DC353BB70D1}.Debug|iPhone.ActiveCfg = Debug|iPhone
		{23585FB0-A55E-4A37-AACC-0DC353BB70D1}.Debug|iPhone.Build.0 = Debug|iPhone
		{23585FB0-A55E-4A37-AACC-0DC353BB70D1}.Debug|iPhone.Deploy.0 = Debug|iPhone
		{23585FB0-A55E-4A37-AACC-0DC353BB70D1}.Debug|iPhoneSimulator.ActiveCfg = Debug|iPhoneSimulator
		{23585FB0-A55E-4A37-AACC-0DC353BB70D1}.Debug|iPhoneSimulator.Build.0 = Debug|iPhoneSimulator
		{23585FB0-A55E-4A37-AACC-0DC353BB70D1}.Debug|iPhoneSimulator.Deploy.0 = Debug|iPhoneSimulator
		{23585FB0-A55E-4A37-AACC-0DC353BB70D1}.Release|Any CPU.ActiveCfg = Release|iPhone
		{23585FB0-A55E-4A37-AACC-0DC353BB70D1}.Release|Any CPU.Build.0 = Release|iPhone
		{23585FB0-A55E-4A37-AACC-0DC353BB70D1}.Release|Any CPU.Deploy.0 = Release|iPhone
		{23585FB0-A55E-4A37-AACC-0DC353BB70D1}.Release|iPhone.ActiveCfg = Release|iPhone
		{23585FB0-A55E-4A37-AACC-0DC353BB70D1}.Release|iPhone.Build.0 = Release|iPhone
		{23585FB0-A55E-4A37-AACC-0DC353BB70D1}.Release|iPhone.Deploy.0 = Release|iPhone
		{23585FB0-A55E-4A37-AACC-0DC353BB70D1}.Release|iPhoneSimulator.ActiveCfg = Release|iPhoneSimulator
		{23585FB0-A55E-4A37-AACC-0DC353BB70D1}.Release|iPhoneSimulator.Build.0 = Release|iPhoneSimulator
		{23585FB0-A55E-4A37-AACC-0DC353BB70D1}.Release|iPhoneSimulator.Deploy.0 = Release|iPhoneSimulator
		{0C0D8DA1-28A0-432B-8A0F-30CDCD772869}.Ad-Hoc|Any CPU.ActiveCfg = Debug|Any CPU
		{0C0D8DA1-28A0-432B-8A0F-30CDCD772869}.Ad-Hoc|Any CPU.Build.0 = Debug|Any CPU
		{0C0D8DA1-28A0-432B-8A0F-30CDCD772869}.Ad-Hoc|Any CPU.Deploy.0 = Debug|Any CPU
		{0C0D8DA1-28A0-432B-8A0F-30CDCD772869}.Ad-Hoc|iPhone.ActiveCfg = Debug|Any CPU
		{0C0D8DA1-28A0-432B-8A0F-30CDCD772869}.Ad-Hoc|iPhone.Build.0 = Debug|Any CPU
		{0C0D8DA1-28A0-432B-8A0F-30CDCD772869}.Ad-Hoc|iPhone.Deploy.0 = Debug|Any CPU
		{0C0D8DA1-28A0-432B-8A0F-30CDCD772869}.Ad-Hoc|iPhoneSimulator.ActiveCfg = Debug|Any CPU
		{0C0D8DA1-28A0-432B-8A0F-30CDCD772869}.Ad-Hoc|iPhoneSimulator.Build.0 = Debug|Any CPU
		{0C0D8DA1-28A0-432B-8A0F-30CDCD772869}.Ad-Hoc|iPhoneSimulator.Deploy.0 = Debug|Any CPU
		{0C0D8DA1-28A0-432B-8A0F-30CDCD772869}.AppStore|Any CPU.ActiveCfg = Debug|Any CPU
		{0C0D8DA1-28A0-432B-8A0F-30CDCD772869}.AppStore|Any CPU.Build.0 = Debug|Any CPU
		{0C0D8DA1-28A0-432B-8A0F-30CDCD772869}.AppStore|Any CPU.Deploy.0 = Debug|Any CPU
		{0C0D8DA1-28A0-432B-8A0F-30CDCD772869}.AppStore|iPhone.ActiveCfg = Debug|Any CPU
		{0C0D8DA1-28A0-432B-8A0F-30CDCD772869}.AppStore|iPhone.Build.0 = Debug|Any CPU
		{0C0D8DA1-28A0-432B-8A0F-30CDCD772869}.AppStore|iPhone.Deploy.0 = Debug|Any CPU
		{0C0D8DA1-28A0-432B-8A0F-30CDCD772869}.AppStore|iPhoneSimulator.ActiveCfg = Debug|Any CPU
		{0C0D8DA1-28A0-432B-8A0F-30CDCD772869}.AppStore|iPhoneSimulator.Build.0 = Debug|Any CPU
		{0C0D8DA1-28A0-432B-8A0F-30CDCD772869}.AppStore|iPhoneSimulator.Deploy.0 = Debug|Any CPU
		{0C0D8DA1-28A0-432B-8A0F-30CDCD772869}.Debug|Any CPU.ActiveCfg = Debug|Any CPU
		{0C0D8DA1-28A0-432B-8A0F-30CDCD772869}.Debug|Any CPU.Build.0 = Debug|Any CPU
		{0C0D8DA1-28A0-432B-8A0F-30CDCD772869}.Debug|Any CPU.Deploy.0 = Debug|Any CPU
		{0C0D8DA1-28A0-432B-8A0F-30CDCD772869}.Debug|iPhone.ActiveCfg = Debug|Any CPU
		{0C0D8DA1-28A0-432B-8A0F-30CDCD772869}.Debug|iPhone.Build.0 = Debug|Any CPU
		{0C0D8DA1-28A0-432B-8A0F-30CDCD772869}.Debug|iPhone.Deploy.0 = Debug|Any CPU
		{0C0D8DA1-28A0-432B-8A0F-30CDCD772869}.Debug|iPhoneSimulator.ActiveCfg = Debug|Any CPU
		{0C0D8DA1-28A0-432B-8A0F-30CDCD772869}.Debug|iPhoneSimulator.Build.0 = Debug|Any CPU
		{0C0D8DA1-28A0-432B-8A0F-30CDCD772869}.Debug|iPhoneSimulator.Deploy.0 = Debug|Any CPU
		{0C0D8DA1-28A0-432B-8A0F-30CDCD772869}.Release|Any CPU.ActiveCfg = Release|Any CPU
		{0C0D8DA1-28A0-432B-8A0F-30CDCD772869}.Release|Any CPU.Build.0 = Release|Any CPU
		{0C0D8DA1-28A0-432B-8A0F-30CDCD772869}.Release|Any CPU.Deploy.0 = Release|Any CPU
		{0C0D8DA1-28A0-432B-8A0F-30CDCD772869}.Release|iPhone.ActiveCfg = Release|Any CPU
		{0C0D8DA1-28A0-432B-8A0F-30CDCD772869}.Release|iPhone.Build.0 = Release|Any CPU
		{0C0D8DA1-28A0-432B-8A0F-30CDCD772869}.Release|iPhone.Deploy.0 = Release|Any CPU
		{0C0D8DA1-28A0-432B-8A0F-30CDCD772869}.Release|iPhoneSimulator.ActiveCfg = Release|Any CPU
		{0C0D8DA1-28A0-432B-8A0F-30CDCD772869}.Release|iPhoneSimulator.Build.0 = Release|Any CPU
		{0C0D8DA1-28A0-432B-8A0F-30CDCD772869}.Release|iPhoneSimulator.Deploy.0 = Release|Any CPU
	EndGlobalSection
	GlobalSection(SolutionProperties) = preSolution
		HideSolutionNode = FALSE
	EndGlobalSection
	GlobalSection(ExtensibilityGlobals) = postSolution
		SolutionGuid = {30FE1606-FFC9-4D2E-AFAD-8010C1554539}
	EndGlobalSection
EndGlobal
